{
    "_meta": {
        "hash": {
            "sha256": "93bdbfaef39a188f3ed5d9c0ba5eb65862d00e6312b1e95c6e4d814c920dc347"
        },
        "pipfile-spec": 6,
        "requires": {
            "python_version": "3.10"
        },
        "sources": [
            {
                "name": "pypi",
                "url": "https://pypi.org/simple",
                "verify_ssl": true
            }
        ]
    },
    "default": {
        "colorama": {
            "hashes": [
                "sha256:5941b2b48a20143d2267e95b1c2a7603ce057ee39fd88e7329b0c292aa16869b",
                "sha256:9f47eda37229f68eee03b24b9748937c7dc3868f906e8ba69fbcbdd3bc5dc3e2"
            ],
            "markers": "python_version >= '2.7' and python_version not in '3.0, 3.1, 3.2, 3.3, 3.4'",
            "version": "==0.4.4"
        },
        "commonmark": {
            "hashes": [
                "sha256:452f9dc859be7f06631ddcb328b6919c67984aca654e5fefb3914d54691aed60",
                "sha256:da2f38c92590f83de410ba1a3cbceafbc74fee9def35f9251ba9a971d6d66fd9"
            ],
            "version": "==0.9.1"
        },
        "joblib": {
            "hashes": [
                "sha256:4158fcecd13733f8be669be0683b96ebdbbd38d23559f54dca7205aea1bf1e35",
                "sha256:f21f109b3c7ff9d95f8387f752d0d9c34a02aa2f7060c2135f465da0e5160ff6"
            ],
            "index": "pypi",
            "version": "==1.1.0"
        },
        "numpy": {
            "hashes": [
                "sha256:011e4c430f2e2739e0d182cb7e2b5d47adc46a8db49a788e5798805b7878c4ba",
                "sha256:013fa3500a6e5b3ba51401056aa9c41d83a7e737959d15f288d410f26cc33896",
                "sha256:0ebb646ef72a2348036ed1692e6bb3f3dd4f8d026681b7168a9ac988d9832c27",
                "sha256:21613822dd597d4645c586ac21910fded5344f843410dace91c129a38c31d8be",
                "sha256:2242fa31413e40847016234485f228fa5e082b0c555d3db65fe9aa4efcfb8d8d",
                "sha256:2934fb435d85341efb40f9db637a203a042300afdaa49f833608df21a5d8ae30",
                "sha256:56109e7e9b205439990e90682163d8155cf5743efe65c30221ef3834621ffd3f",
                "sha256:5e56515f5abb493bd32d2196ecd3ce794792419adfb7d8b4cccd4ddaf74ab924",
                "sha256:6730a1495f1acedd97e82e32cca4d8dbe07b89f01f395ca02ca4a9e110d9519d",
                "sha256:6759e6dafd96454be2d6dd80674293322191639400832688cd234c5f483ce1a9",
                "sha256:7dbfa0abe053afbcb9e61ec1557556e4e30c3e4b5df4ec7849bf245e8c09feec",
                "sha256:8c5016694b9bda77cda32ebfdde34d2246978ed4c49e9baab26bcf38621b7390",
                "sha256:91bb1e29d74a90861e878b0c7bc941a1c0ac051cb4b171dc242e66953c95ca1e",
                "sha256:a2dd58beb8a8266d704a76692e8eb76ff20f5b2940db7aeee216c2dbf226e5c6",
                "sha256:b00d9bf43cc8975cf5e0c211d218e75a3f5ce1ae34dc84d8a489c28a0dba7848",
                "sha256:b0ed56b9d7535d654d2a0478333cc08d1b9849767eafd07e1f6a3d8d90a2cad0",
                "sha256:bc991b3f8ea7c0f6703df2bc23c098cfe6f1a3a5e8a3a901eb6a5619275d53ff",
                "sha256:ccf027e3bbcd06b5c26a0196ddfc24c4d09d2001cc5d38738efff9d9ac8dee58",
                "sha256:d0be0eb7df39f0e0732d73250de55e1dcc8086c23db970d5eab85dbf0713502d",
                "sha256:e48368972e0999af098e0a6e9a3573895fd4c3b0b2d8c5cf215b17910cd6c124",
                "sha256:e981667470ae74f06cfd0d54c5fa9cd88661a27eccaac2cba505039f0b29dc2e",
                "sha256:eb6dd744a9f94b424bf70d62b7874798ea95b6b58fb63ec651b69a46872e5bd5"
            ],
            "markers": "python_version >= '3.10'",
            "version": "==1.22.0rc1"
        },
        "pandas": {
            "hashes": [
                "sha256:003ba92db58b71a5f8add604a17a059f3068ef4e8c0c365b088468d0d64935fd",
                "sha256:10e10a2527db79af6e830c3d5842a4d60383b162885270f8cffc15abca4ba4a9",
                "sha256:22808afb8f96e2269dcc5b846decacb2f526dd0b47baebc63d913bf847317c8f",
                "sha256:2d1dc09c0013d8faa7474574d61b575f9af6257ab95c93dcf33a14fd8d2c1bab",
                "sha256:35c77609acd2e4d517da41bae0c11c70d31c87aae8dd1aabd2670906c6d2c143",
                "sha256:372d72a3d8a5f2dbaf566a5fa5fa7f230842ac80f29a931fb4b071502cf86b9a",
                "sha256:42493f8ae67918bf129869abea8204df899902287a7f5eaf596c8e54e0ac7ff4",
                "sha256:4acc28364863127bca1029fb72228e6f473bb50c32e77155e80b410e2068eeac",
                "sha256:5298a733e5bfbb761181fd4672c36d0c627320eb999c59c65156c6a90c7e1b4f",
                "sha256:5ba0aac1397e1d7b654fccf263a4798a9e84ef749866060d19e577e927d66e1b",
                "sha256:9707bdc1ea9639c886b4d3be6e2a45812c1ac0c2080f94c31b71c9fa35556f9b",
                "sha256:a2aa18d3f0b7d538e21932f637fbfe8518d085238b429e4790a35e1e44a96ffc",
                "sha256:a388960f979665b447f0847626e40f99af8cf191bce9dc571d716433130cb3a7",
                "sha256:a51528192755f7429c5bcc9e80832c517340317c861318fea9cea081b57c9afd",
                "sha256:b528e126c13816a4374e56b7b18bfe91f7a7f6576d1aadba5dee6a87a7f479ae",
                "sha256:c1aa4de4919358c5ef119f6377bc5964b3a7023c23e845d9db7d9016fa0c5b1c",
                "sha256:c2646458e1dce44df9f71a01dc65f7e8fa4307f29e5c0f2f92c97f47a5bf22f5",
                "sha256:c2f44425594ae85e119459bb5abb0748d76ef01d9c08583a667e3339e134218e",
                "sha256:d47750cf07dee6b55d8423471be70d627314277976ff2edd1381f02d52dbadf9",
                "sha256:d99d2350adb7b6c3f7f8f0e5dfb7d34ff8dd4bc0a53e62c445b7e43e163fce63",
                "sha256:dd324f8ee05925ee85de0ea3f0d66e1362e8c80799eb4eb04927d32335a3e44a",
                "sha256:eaca36a80acaacb8183930e2e5ad7f71539a66805d6204ea88736570b2876a7b",
                "sha256:f567e972dce3bbc3a8076e0b675273b4a9e8576ac629149cf8286ee13c259ae5",
                "sha256:fe48e4925455c964db914b958f6e7032d285848b7538a5e1b19aeb26ffaea3ec"
            ],
            "index": "pypi",
            "version": "==1.3.4"
        },
        "pygments": {
            "hashes": [
                "sha256:b8e67fe6af78f492b3c4b3e2970c0624cbf08beb1e493b2c99b9fa1b67a20380",
                "sha256:f398865f7eb6874156579fdf36bc840a03cab64d1cde9e93d68f46a425ec52c6"
            ],
            "markers": "python_version >= '3.5'",
            "version": "==2.10.0"
        },
        "python-dateutil": {
            "hashes": [
                "sha256:0123cacc1627ae19ddf3c27a5de5bd67ee4586fbdd6440d9748f8abb483d3e86",
                "sha256:961d03dc3453ebbc59dbdea9e4e11c5651520a876d0f4db161e8674aae935da9"
            ],
            "markers": "python_version >= '2.7' and python_version not in '3.0, 3.1, 3.2, 3.3'",
            "version": "==2.8.2"
        },
        "pytz": {
            "hashes": [
                "sha256:3672058bc3453457b622aab7a1c3bfd5ab0bdae451512f6cf25f64ed37f5b87c",
                "sha256:acad2d8b20a1af07d4e4c9d2e9285c5ed9104354062f275f3fcd88dcef4f1326"
            ],
            "version": "==2021.3"
        },
        "rich": {
            "hashes": [
                "sha256:1dded089b79dd042b3ab5cd63439a338e16652001f0c16e73acdcf4997ad772d",
                "sha256:43b2c6ad51f46f6c94992aee546f1c177719f4e05aff8f5ea4d2efae3ebdac89"
            ],
            "index": "pypi",
            "version": "==10.15.2"
        },
        "six": {
            "hashes": [
                "sha256:1e61c37477a1626458e36f7b1d82aa5c9b094fa4802892072e49de9c60c4c926",
                "sha256:8abb2f1d86890a2dfb989f9a77cfcfd3e47c2a354b01111771326f8aa26e0254"
            ],
            "markers": "python_version >= '2.7' and python_version not in '3.0, 3.1, 3.2, 3.3'",
            "version": "==1.16.0"
        }
    },
    "develop": {
        "black": {
            "hashes": [
                "sha256:802c6c30b637b28645b7fde282ed2569c0cd777dbe493a41b6a03c1d903f99ac",
                "sha256:a042adbb18b3262faad5aff4e834ff186bb893f95ba3a8013f09de1e5569def2"
            ],
            "index": "pypi",
            "version": "==21.11b1"
        },
        "click": {
            "hashes": [
                "sha256:353f466495adaeb40b6b5f592f9f91cb22372351c84caeb068132442a4518ef3",
                "sha256:410e932b050f5eed773c4cda94de75971c89cdb3155a72a0831139a79e5ecb5b"
            ],
            "markers": "python_version >= '3.6'",
            "version": "==8.0.3"
        },
        "mypy-extensions": {
            "hashes": [
                "sha256:090fedd75945a69ae91ce1303b5824f428daf5a028d2f6ab8a299250a846f15d",
                "sha256:2d82818f5bb3e369420cb3c4060a7970edba416647068eb4c5343488a6c604a8"
            ],
            "version": "==0.4.3"
        },
        "pathspec": {
            "hashes": [
                "sha256:7d15c4ddb0b5c802d161efc417ec1a2558ea2653c2e8ad9c19098201dc1c993a",
                "sha256:e564499435a2673d586f6b2130bb5b95f04a3ba06f81b8f895b651a3c76aabb1"
            ],
            "version": "==0.9.0"
        },
        "platformdirs": {
            "hashes": [
                "sha256:367a5e80b3d04d2428ffa76d33f124cf11e8fff2acdaa9b43d545f5c7d661ef2",
                "sha256:8868bbe3c3c80d42f20156f22e7131d2fb321f5bc86a2a345375c6481a67021d"
            ],
            "markers": "python_version >= '3.6'",
            "version": "==2.4.0"
        },
        "regex": {
            "hashes": [
                "sha256:0416f7399e918c4b0e074a0f66e5191077ee2ca32a0f99d4c187a62beb47aa05",
                "sha256:05b7d6d7e64efe309972adab77fc2af8907bb93217ec60aa9fe12a0dad35874f",
                "sha256:0617383e2fe465732af4509e61648b77cbe3aee68b6ac8c0b6fe934db90be5cc",
                "sha256:07856afef5ffcc052e7eccf3213317fbb94e4a5cd8177a2caa69c980657b3cb4",
                "sha256:0f594b96fe2e0821d026365f72ac7b4f0b487487fb3d4aaf10dd9d97d88a9737",
                "sha256:139a23d1f5d30db2cc6c7fd9c6d6497872a672db22c4ae1910be22d4f4b2068a",
                "sha256:162abfd74e88001d20cb73ceaffbfe601469923e875caf9118333b1a4aaafdc4",
                "sha256:2207ae4f64ad3af399e2d30dde66f0b36ae5c3129b52885f1bffc2f05ec505c8",
                "sha256:2409b5c9cef7054dde93a9803156b411b677affc84fca69e908b1cb2c540025d",
                "sha256:2fee3ed82a011184807d2127f1733b4f6b2ff6ec7151d83ef3477f3b96a13d03",
                "sha256:30ab804ea73972049b7a2a5c62d97687d69b5a60a67adca07eb73a0ddbc9e29f",
                "sha256:3598893bde43091ee5ca0a6ad20f08a0435e93a69255eeb5f81b85e81e329264",
                "sha256:3b5df18db1fccd66de15aa59c41e4f853b5df7550723d26aa6cb7f40e5d9da5a",
                "sha256:3c5fb32cc6077abad3bbf0323067636d93307c9fa93e072771cf9a64d1c0f3ef",
                "sha256:416c5f1a188c91e3eb41e9c8787288e707f7d2ebe66e0a6563af280d9b68478f",
                "sha256:42b50fa6666b0d50c30a990527127334d6b96dd969011e843e726a64011485da",
                "sha256:432bd15d40ed835a51617521d60d0125867f7b88acf653e4ed994a1f8e4995dc",
                "sha256:473e67837f786404570eae33c3b64a4b9635ae9f00145250851a1292f484c063",
                "sha256:4aaa4e0705ef2b73dd8e36eeb4c868f80f8393f5f4d855e94025ce7ad8525f50",
                "sha256:50a7ddf3d131dc5633dccdb51417e2d1910d25cbcf842115a3a5893509140a3a",
                "sha256:529801a0d58809b60b3531ee804d3e3be4b412c94b5d267daa3de7fadef00f49",
                "sha256:537ca6a3586931b16a85ac38c08cc48f10fc870a5b25e51794c74df843e9966d",
                "sha256:53db2c6be8a2710b359bfd3d3aa17ba38f8aa72a82309a12ae99d3c0c3dcd74d",
                "sha256:5537f71b6d646f7f5f340562ec4c77b6e1c915f8baae822ea0b7e46c1f09b733",
                "sha256:563d5f9354e15e048465061509403f68424fef37d5add3064038c2511c8f5e00",
                "sha256:5d408a642a5484b9b4d11dea15a489ea0928c7e410c7525cd892f4d04f2f617b",
                "sha256:61600a7ca4bcf78a96a68a27c2ae9389763b5b94b63943d5158f2a377e09d29a",
                "sha256:6650f16365f1924d6014d2ea770bde8555b4a39dc9576abb95e3cd1ff0263b36",
                "sha256:666abff54e474d28ff42756d94544cdfd42e2ee97065857413b72e8a2d6a6345",
                "sha256:68a067c11463de2a37157930d8b153005085e42bcb7ad9ca562d77ba7d1404e0",
                "sha256:6e1d2cc79e8dae442b3fa4a26c5794428b98f81389af90623ffcc650ce9f6732",
                "sha256:74cbeac0451f27d4f50e6e8a8f3a52ca074b5e2da9f7b505c4201a57a8ed6286",
                "sha256:780b48456a0f0ba4d390e8b5f7c661fdd218934388cde1a974010a965e200e12",
                "sha256:788aef3549f1924d5c38263104dae7395bf020a42776d5ec5ea2b0d3d85d6646",
                "sha256:7ee1227cf08b6716c85504aebc49ac827eb88fcc6e51564f010f11a406c0a667",
                "sha256:7f301b11b9d214f83ddaf689181051e7f48905568b0c7017c04c06dfd065e244",
                "sha256:83ee89483672b11f8952b158640d0c0ff02dc43d9cb1b70c1564b49abe92ce29",
                "sha256:85bfa6a5413be0ee6c5c4a663668a2cad2cbecdee367630d097d7823041bdeec",
                "sha256:9345b6f7ee578bad8e475129ed40123d265464c4cfead6c261fd60fc9de00bcf",
                "sha256:93a5051fcf5fad72de73b96f07d30bc29665697fb8ecdfbc474f3452c78adcf4",
                "sha256:962b9a917dd7ceacbe5cd424556914cb0d636001e393b43dc886ba31d2a1e449",
                "sha256:96fc32c16ea6d60d3ca7f63397bff5c75c5a562f7db6dec7d412f7c4d2e78ec0",
                "sha256:98ba568e8ae26beb726aeea2273053c717641933836568c2a0278a84987b2a1a",
                "sha256:a3feefd5e95871872673b08636f96b61ebef62971eab044f5124fb4dea39919d",
                "sha256:a955b747d620a50408b7fdf948e04359d6e762ff8a85f5775d907ceced715129",
                "sha256:b43c2b8a330a490daaef5a47ab114935002b13b3f9dc5da56d5322ff218eeadb",
                "sha256:b483c9d00a565633c87abd0aaf27eb5016de23fed952e054ecc19ce32f6a9e7e",
                "sha256:b9ed0b1e5e0759d6b7f8e2f143894b2a7f3edd313f38cf44e1e15d360e11749b",
                "sha256:ba05430e819e58544e840a68b03b28b6d328aff2e41579037e8bab7653b37d83",
                "sha256:ca49e1ab99593438b204e00f3970e7a5f70d045267051dfa6b5f4304fcfa1dbf",
                "sha256:ca5f18a75e1256ce07494e245cdb146f5a9267d3c702ebf9b65c7f8bd843431e",
                "sha256:cd410a1cbb2d297c67d8521759ab2ee3f1d66206d2e4328502a487589a2cb21b",
                "sha256:ce298e3d0c65bd03fa65ffcc6db0e2b578e8f626d468db64fdf8457731052942",
                "sha256:d5ca078bb666c4a9d1287a379fe617a6dccd18c3e8a7e6c7e1eb8974330c626a",
                "sha256:d5fd67df77bab0d3f4ea1d7afca9ef15c2ee35dfb348c7b57ffb9782a6e4db6e",
                "sha256:da1a90c1ddb7531b1d5ff1e171b4ee61f6345119be7351104b67ff413843fe94",
                "sha256:dba70f30fd81f8ce6d32ddeef37d91c8948e5d5a4c63242d16a2b2df8143aafc",
                "sha256:dc07f021ee80510f3cd3af2cad5b6a3b3a10b057521d9e6aaeb621730d320c5a",
                "sha256:dd33eb9bdcfbabab3459c9ee651d94c842bc8a05fabc95edf4ee0c15a072495e",
                "sha256:e0538c43565ee6e703d3a7c3bdfe4037a5209250e8502c98f20fea6f5fdf2965",
                "sha256:e1f54b9b4b6c53369f40028d2dd07a8c374583417ee6ec0ea304e710a20f80a0",
                "sha256:e32d2a2b02ccbef10145df9135751abea1f9f076e67a4e261b05f24b94219e36",
                "sha256:e6096b0688e6e14af6a1b10eaad86b4ff17935c49aa774eac7c95a57a4e8c296",
                "sha256:e71255ba42567d34a13c03968736c5d39bb4a97ce98188fafb27ce981115beec",
                "sha256:ed2e07c6a26ed4bea91b897ee2b0835c21716d9a469a96c3e878dc5f8c55bb23",
                "sha256:eef2afb0fd1747f33f1ee3e209bce1ed582d1896b240ccc5e2697e3275f037c7",
                "sha256:f23222527b307970e383433daec128d769ff778d9b29343fb3496472dc20dabe",
                "sha256:f341ee2df0999bfdf7a95e448075effe0db212a59387de1a70690e4acb03d4c6",
                "sha256:f5be7805e53dafe94d295399cfbe5227f39995a997f4fd8539bf3cbdc8f47ca8",
                "sha256:f7f325be2804246a75a4f45c72d4ce80d2443ab815063cdf70ee8fb2ca59ee1b",
                "sha256:f8af619e3be812a2059b212064ea7a640aff0568d972cd1b9e920837469eb3cb",
                "sha256:fa8c626d6441e2d04b6ee703ef2d1e17608ad44c7cb75258c09dd42bacdfc64b",
                "sha256:fbb9dc00e39f3e6c0ef48edee202f9520dafb233e8b51b06b8428cfcb92abd30",
                "sha256:fff55f3ce50a3ff63ec8e2a8d3dd924f1941b250b0aac3d3d42b687eeff07a8e"
            ],
            "version": "==2021.11.10"
        },
        "tomli": {
            "hashes": [
                "sha256:c6ce0015eb38820eaf32b5db832dbc26deb3dd427bd5f6556cf0acac2c214fee",
                "sha256:f04066f68f5554911363063a30b108d2b5a5b1a010aa8b6132af78489fe3aade"
            ],
            "markers": "python_version >= '3.6'",
            "version": "==1.2.2"
        },
        "typing-extensions": {
            "hashes": [
                "sha256:4ca091dea149f945ec56afb48dae714f21e8692ef22a395223bcd328961b6a0e",
                "sha256:7f001e5ac290a0c0401508864c7ec868be4e701886d5b573a9528ed3973d9d3b"
            ],
            "markers": "python_version >= '3.10'",
            "version": "==4.0.1"
        }
    }
}
